
Microsoft Visual Studio Solution File, Format Version 12.00
# Visual Studio Version 17
VisualStudioVersion = 17.6.33723.286
MinimumVisualStudioVersion = 10.0.40219.1
Project("{9A19103F-16F7-4668-BE54-9A1E7A4F7556}") = "Rampancy.LightBridge", "Rampancy.LightBridge\Rampancy.LightBridge.csproj", "{1BA3A414-4C68-426B-A1C3-7AB463D7767F}"
EndProject
Project("{FAE04EC0-301F-11D3-BF4B-00C04F79EFBC}") = "Rampancy.C20", "Rampancy.C20\Rampancy.C20.csproj", "{2AF40B26-775B-4B7A-9BE5-F3FB0300D604}"
EndProject
Global
	GlobalSection(SolutionConfigurationPlatforms) = preSolution
		Debug|Any CPU = Debug|Any CPU
		Release|Any CPU = Release|Any CPU
	EndGlobalSection
	GlobalSection(ProjectConfigurationPlatforms) = postSolution
		{1BA3A414-4C68-426B-A1C3-7AB463D7767F}.Debug|Any CPU.ActiveCfg = Debug|Any CPU
		{1BA3A414-4C68-426B-A1C3-7AB463D7767F}.Debug|Any CPU.Build.0 = Debug|Any CPU
		{1BA3A414-4C68-426B-A1C3-7AB463D7767F}.Release|Any CPU.ActiveCfg = Release|Any CPU
		{1BA3A414-4C68-426B-A1C3-7AB463D7767F}.Release|Any CPU.Build.0 = Release|Any CPU
		{2AF40B26-775B-4B7A-9BE5-F3FB0300D604}.Debug|Any CPU.ActiveCfg = Debug|Any CPU
		{2AF40B26-775B-4B7A-9BE5-F3FB0300D604}.Debug|Any CPU.Build.0 = Debug|Any CPU
		{2AF40B26-775B-4B7A-9BE5-F3FB0300D604}.Release|Any CPU.ActiveCfg = Release|Any CPU
		{2AF40B26-775B-4B7A-9BE5-F3FB0300D604}.Release|Any CPU.Build.0 = Release|Any CPU
	EndGlobalSection
	GlobalSection(SolutionProperties) = preSolution
		HideSolutionNode = FALSE
	EndGlobalSection
	GlobalSection(ExtensibilityGlobals) = postSolution
		SolutionGuid = {302D149B-5528-4FA7-BBDB-B8BD52AE2337}
	EndGlobalSection
EndGlobal
